
Microsoft Visual Studio Solution File, Format Version 12.00
# Visual Studio 15
VisualStudioVersion = 15.0.28307.1082
MinimumVisualStudioVersion = 10.0.40219.1
Project("{FAE04EC0-301F-11D3-BF4B-00C04F79EFBC}") = "Bruch", "Bruch\Bruch.csproj", "{42EEB993-8491-4EBF-8449-1BBB489DA785}"
EndProject
Global
	GlobalSection(SolutionConfigurationPlatforms) = preSolution
		Debug|Any CPU = Debug|Any CPU
		Release|Any CPU = Release|Any CPU
	EndGlobalSection
	GlobalSection(ProjectConfigurationPlatforms) = postSolution
		{42EEB993-8491-4EBF-8449-1BBB489DA785}.Debug|Any CPU.ActiveCfg = Debug|Any CPU
		{42EEB993-8491-4EBF-8449-1BBB489DA785}.Debug|Any CPU.Build.0 = Debug|Any CPU
		{42EEB993-8491-4EBF-8449-1BBB489DA785}.Release|Any CPU.ActiveCfg = Release|Any CPU
		{42EEB993-8491-4EBF-8449-1BBB489DA785}.Release|Any CPU.Build.0 = Release|Any CPU
	EndGlobalSection
	GlobalSection(SolutionProperties) = preSolution
		HideSolutionNode = FALSE
	EndGlobalSection
	GlobalSection(ExtensibilityGlobals) = postSolution
		SolutionGuid = {2763C7AC-1F64-4495-8577-8AC6560A3564}
	EndGlobalSection
EndGlobal
